
Microsoft Visual Studio Solution File, Format Version 12.00
# Visual Studio Version 16
VisualStudioVersion = 16.0.32428.217
MinimumVisualStudioVersion = 10.0.40219.1
Project("{FAE04EC0-301F-11D3-BF4B-00C04F79EFBC}") = "wizone_grow", "wizone_grow\wizone_grow.csproj", "{A9B0285F-C641-479C-9EF0-1D11A2EC5D2E}"
EndProject
Global
	GlobalSection(SolutionConfigurationPlatforms) = preSolution
		Debug|Any CPU = Debug|Any CPU
		Release|Any CPU = Release|Any CPU
	EndGlobalSection
	GlobalSection(ProjectConfigurationPlatforms) = postSolution
		{A9B0285F-C641-479C-9EF0-1D11A2EC5D2E}.Debug|Any CPU.ActiveCfg = Debug|Any CPU
		{A9B0285F-C641-479C-9EF0-1D11A2EC5D2E}.Debug|Any CPU.Build.0 = Debug|Any CPU
		{A9B0285F-C641-479C-9EF0-1D11A2EC5D2E}.Release|Any CPU.ActiveCfg = Release|Any CPU
		{A9B0285F-C641-479C-9EF0-1D11A2EC5D2E}.Release|Any CPU.Build.0 = Release|Any CPU
	EndGlobalSection
	GlobalSection(SolutionProperties) = preSolution
		HideSolutionNode = FALSE
	EndGlobalSection
	GlobalSection(ExtensibilityGlobals) = postSolution
		SolutionGuid = {B151691B-C9A7-4D21-8448-6D59EFE97FE9}
	EndGlobalSection
EndGlobal
